// !$*UTF8*$!
{
	archiveVersion = 1;
	classes = {
	};
	objectVersion = 48;
	objects = {

/* Begin PBXBuildFile section */
		67DCA8A84A3890D25A90B0EE /* libPods-MQRcode.a in Frameworks */ = {isa = PBXBuildFile; fileRef = 56F4E678F9C399D4A35C1281 /* libPods-MQRcode.a */; };
		8EC0B4291FFE407A00EF6981 /* AppDelegate.m in Sources */ = {isa = PBXBuildFile; fileRef = 8EC0B4281FFE407A00EF6981 /* AppDelegate.m */; };
		8EC0B42C1FFE407B00EF6981 /* ViewController.m in Sources */ = {isa = PBXBuildFile; fileRef = 8EC0B42B1FFE407B00EF6981 /* ViewController.m */; };
		8EC0B42F1FFE407B00EF6981 /* Main.storyboard in Resources */ = {isa = PBXBuildFile; fileRef = 8EC0B42D1FFE407B00EF6981 /* Main.storyboard */; };
		8EC0B4311FFE407B00EF6981 /* Assets.xcassets in Resources */ = {isa = PBXBuildFile; fileRef = 8EC0B4301FFE407B00EF6981 /* Assets.xcassets */; };
		8EC0B4341FFE407B00EF6981 /* LaunchScreen.storyboard in Resources */ = {isa = PBXBuildFile; fileRef = 8EC0B4321FFE407B00EF6981 /* LaunchScreen.storyboard */; };
		8EC0B4371FFE407B00EF6981 /* main.m in Sources */ = {isa = PBXBuildFile; fileRef = 8EC0B4361FFE407B00EF6981 /* main.m */; };
		8EDE15691FFE43650013DD41 /* HqLeftVC.m in Sources */ = {isa = PBXBuildFile; fileRef = 8EDE15681FFE43650013DD41 /* HqLeftVC.m */; };
		8EDE156D1FFE439A0013DD41 /* HqCenterVC.m in Sources */ = {isa = PBXBuildFile; fileRef = 8EDE156C1FFE439A0013DD41 /* HqCenterVC.m */; };
		8EDE15A61FFE473B0013DD41 /* MBProgressHUD.m in Sources */ = {isa = PBXBuildFile; fileRef = 8EDE15731FFE473B0013DD41 /* MBProgressHUD.m */; };
		8EDE15A71FFE473B0013DD41 /* MBProgressHUD+Add.m in Sources */ = {isa = PBXBuildFile; fileRef = 8EDE15751FFE473B0013DD41 /* MBProgressHUD+Add.m */; };
		8EDE15A81FFE473B0013DD41 /* SVProgressHUD.m in Sources */ = {isa = PBXBuildFile; fileRef = 8EDE15781FFE473B0013DD41 /* SVProgressHUD.m */; };
		8EDE15A91FFE473B0013DD41 /* SVProgressHUD.bundle in Resources */ = {isa = PBXBuildFile; fileRef = 8EDE15791FFE473B0013DD41 /* SVProgressHUD.bundle */; };
		8EDE15AA1FFE473B0013DD41 /* Dialog.m in Sources */ = {isa = PBXBuildFile; fileRef = 8EDE157C1FFE473B0013DD41 /* Dialog.m */; };
		8EDE15AB1FFE473B0013DD41 /* MBProgressHUD.bundle in Resources */ = {isa = PBXBuildFile; fileRef = 8EDE157D1FFE473B0013DD41 /* MBProgressHUD.bundle */; };
		8EDE15AC1FFE473B0013DD41 /* IQTextView.m in Sources */ = {isa = PBXBuildFile; fileRef = 8EDE15801FFE473B0013DD41 /* IQTextView.m */; };
		8EDE15AD1FFE473B0013DD41 /* IQToolbar.m in Sources */ = {isa = PBXBuildFile; fileRef = 8EDE15841FFE473B0013DD41 /* IQToolbar.m */; };
		8EDE15AE1FFE473B0013DD41 /* IQTitleBarButtonItem.m in Sources */ = {isa = PBXBuildFile; fileRef = 8EDE15861FFE473B0013DD41 /* IQTitleBarButtonItem.m */; };
		8EDE15AF1FFE473B0013DD41 /* IQBarButtonItem.m in Sources */ = {isa = PBXBuildFile; fileRef = 8EDE15871FFE473B0013DD41 /* IQBarButtonItem.m */; };
		8EDE15B01FFE473B0013DD41 /* IQUIView+IQKeyboardToolbar.m in Sources */ = {isa = PBXBuildFile; fileRef = 8EDE15881FFE473B0013DD41 /* IQUIView+IQKeyboardToolbar.m */; };
		8EDE15B11FFE473B0013DD41 /* IQPreviousNextView.m in Sources */ = {isa = PBXBuildFile; fileRef = 8EDE15891FFE473B0013DD41 /* IQPreviousNextView.m */; };
		8EDE15B21FFE473B0013DD41 /* IQKeyboardManager.bundle in Resources */ = {isa = PBXBuildFile; fileRef = 8EDE15911FFE473B0013DD41 /* IQKeyboardManager.bundle */; };
		8EDE15B31FFE473B0013DD41 /* IQKeyboardManager.m in Sources */ = {isa = PBXBuildFile; fileRef = 8EDE15941FFE473B0013DD41 /* IQKeyboardManager.m */; };
		8EDE15B41FFE473B0013DD41 /* IQNSArray+Sort.m in Sources */ = {isa = PBXBuildFile; fileRef = 8EDE15961FFE473B0013DD41 /* IQNSArray+Sort.m */; };
		8EDE15B51FFE473B0013DD41 /* IQUIWindow+Hierarchy.m in Sources */ = {isa = PBXBuildFile; fileRef = 8EDE15971FFE473B0013DD41 /* IQUIWindow+Hierarchy.m */; };
		8EDE15B61FFE473B0013DD41 /* IQUITextFieldView+Additions.m in Sources */ = {isa = PBXBuildFile; fileRef = 8EDE15991FFE473B0013DD41 /* IQUITextFieldView+Additions.m */; };
		8EDE15B71FFE473B0013DD41 /* IQUIScrollView+Additions.m in Sources */ = {isa = PBXBuildFile; fileRef = 8EDE159A1FFE473B0013DD41 /* IQUIScrollView+Additions.m */; };
		8EDE15B81FFE473B0013DD41 /* IQUIView+Hierarchy.m in Sources */ = {isa = PBXBuildFile; fileRef = 8EDE159B1FFE473B0013DD41 /* IQUIView+Hierarchy.m */; };
		8EDE15B91FFE473B0013DD41 /* IQUIViewController+Additions.m in Sources */ = {isa = PBXBuildFile; fileRef = 8EDE15A01FFE473B0013DD41 /* IQUIViewController+Additions.m */; };
		8EDE15BA1FFE473B0013DD41 /* IQKeyboardReturnKeyHandler.m in Sources */ = {isa = PBXBuildFile; fileRef = 8EDE15A21FFE473B0013DD41 /* IQKeyboardReturnKeyHandler.m */; };
		8EDE15BB1FFE473B0013DD41 /* UITextView+Placeholder.m in Sources */ = {isa = PBXBuildFile; fileRef = 8EDE15A41FFE473B0013DD41 /* UITextView+Placeholder.m */; };
		8EDE15DD1FFE47CA0013DD41 /* NSData+Extension.m in Sources */ = {isa = PBXBuildFile; fileRef = 8EDE15BF1FFE47CA0013DD41 /* NSData+Extension.m */; };
		8EDE15DE1FFE47CA0013DD41 /* NSNumber+Extension.m in Sources */ = {isa = PBXBuildFile; fileRef = 8EDE15C11FFE47CA0013DD41 /* NSNumber+Extension.m */; };
		8EDE15DF1FFE47CA0013DD41 /* UITextField+EnlargeTouchArea.m in Sources */ = {isa = PBXBuildFile; fileRef = 8EDE15C21FFE47CA0013DD41 /* UITextField+EnlargeTouchArea.m */; };
		8EDE15E01FFE47CA0013DD41 /* NSString+Extension.m in Sources */ = {isa = PBXBuildFile; fileRef = 8EDE15C31FFE47CA0013DD41 /* NSString+Extension.m */; };
		8EDE15E11FFE47CA0013DD41 /* HqString.m in Sources */ = {isa = PBXBuildFile; fileRef = 8EDE15C71FFE47CA0013DD41 /* HqString.m */; };
		8EDE15E21FFE47CA0013DD41 /* UILabel+ChangeLineSpaceAndWordSpace.m in Sources */ = {isa = PBXBuildFile; fileRef = 8EDE15C81FFE47CA0013DD41 /* UILabel+ChangeLineSpaceAndWordSpace.m */; };
		8EDE15E31FFE47CA0013DD41 /* NSString+Public.m in Sources */ = {isa = PBXBuildFile; fileRef = 8EDE15C91FFE47CA0013DD41 /* NSString+Public.m */; };
		8EDE15E41FFE47CA0013DD41 /* HqDateFormatter.m in Sources */ = {isa = PBXBuildFile; fileRef = 8EDE15CC1FFE47CA0013DD41 /* HqDateFormatter.m */; };
		8EDE15E51FFE47CA0013DD41 /* UIFont+HqCustomFont.m in Sources */ = {isa = PBXBuildFile; fileRef = 8EDE15CD1FFE47CA0013DD41 /* UIFont+HqCustomFont.m */; };
		8EDE15E61FFE47CA0013DD41 /* UIImage+HqImageCategory.m in Sources */ = {isa = PBXBuildFile; fileRef = 8EDE15CF1FFE47CA0013DD41 /* UIImage+HqImageCategory.m */; };
		8EDE15E71FFE47CA0013DD41 /* NSDictionary+isNULL.m in Sources */ = {isa = PBXBuildFile; fileRef = 8EDE15D01FFE47CA0013DD41 /* NSDictionary+isNULL.m */; };
		8EDE15E81FFE47CA0013DD41 /* NSString+HqString.m in Sources */ = {isa = PBXBuildFile; fileRef = 8EDE15D41FFE47CA0013DD41 /* NSString+HqString.m */; };
		8EDE15E91FFE47CA0013DD41 /* UITextField+LimitInput.m in Sources */ = {isa = PBXBuildFile; fileRef = 8EDE15D61FFE47CA0013DD41 /* UITextField+LimitInput.m */; };
		8EDE15EA1FFE47CA0013DD41 /* UIButton+EnlargeTouchArea.m in Sources */ = {isa = PBXBuildFile; fileRef = 8EDE15DA1FFE47CA0013DD41 /* UIButton+EnlargeTouchArea.m */; };
		8EDE15EE1FFE48030013DD41 /* ProjectConst.m in Sources */ = {isa = PBXBuildFile; fileRef = 8EDE15EC1FFE48030013DD41 /* ProjectConst.m */; };
		8EDE15F41FFE48D00013DD41 /* HqAFHttpClient.m in Sources */ = {isa = PBXBuildFile; fileRef = 8EDE15F21FFE48D00013DD41 /* HqAFHttpClient.m */; };
		8EDE15F81FFE495B0013DD41 /* ProjectEnvironment.m in Sources */ = {isa = PBXBuildFile; fileRef = 8EDE15F61FFE495A0013DD41 /* ProjectEnvironment.m */; };
/* End PBXBuildFile section */

/* Begin PBXFileReference section */
		14D405AC33D6E10B00113614 /* Pods-MQRcode.debug.xcconfig */ = {isa = PBXFileReference; includeInIndex = 1; lastKnownFileType = text.xcconfig; name = "Pods-MQRcode.debug.xcconfig"; path = "Pods/Target Support Files/Pods-MQRcode/Pods-MQRcode.debug.xcconfig"; sourceTree = "<group>"; };
		56F4E678F9C399D4A35C1281 /* libPods-MQRcode.a */ = {isa = PBXFileReference; explicitFileType = archive.ar; includeInIndex = 0; path = "libPods-MQRcode.a"; sourceTree = BUILT_PRODUCTS_DIR; };
		753D954596DD8C8CC3526A23 /* Pods-MQRcode.release.xcconfig */ = {isa = PBXFileReference; includeInIndex = 1; lastKnownFileType = text.xcconfig; name = "Pods-MQRcode.release.xcconfig"; path = "Pods/Target Support Files/Pods-MQRcode/Pods-MQRcode.release.xcconfig"; sourceTree = "<group>"; };
		8EC0B4241FFE407A00EF6981 /* MQRcode.app */ = {isa = PBXFileReference; explicitFileType = wrapper.application; includeInIndex = 0; path = MQRcode.app; sourceTree = BUILT_PRODUCTS_DIR; };
		8EC0B4271FFE407A00EF6981 /* AppDelegate.h */ = {isa = PBXFileReference; lastKnownFileType = sourcecode.c.h; path = AppDelegate.h; sourceTree = "<group>"; };
		8EC0B4281FFE407A00EF6981 /* AppDelegate.m */ = {isa = PBXFileReference; lastKnownFileType = sourcecode.c.objc; path = AppDelegate.m; sourceTree = "<group>"; };
		8EC0B42A1FFE407A00EF6981 /* ViewController.h */ = {isa = PBXFileReference; lastKnownFileType = sourcecode.c.h; path = ViewController.h; sourceTree = "<group>"; };
		8EC0B42B1FFE407B00EF6981 /* ViewController.m */ = {isa = PBXFileReference; lastKnownFileType = sourcecode.c.objc; path = ViewController.m; sourceTree = "<group>"; };
		8EC0B42E1FFE407B00EF6981 /* Base */ = {isa = PBXFileReference; lastKnownFileType = file.storyboard; name = Base; path = Base.lproj/Main.storyboard; sourceTree = "<group>"; };
		8EC0B4301FFE407B00EF6981 /* Assets.xcassets */ = {isa = PBXFileReference; lastKnownFileType = folder.assetcatalog; path = Assets.xcassets; sourceTree = "<group>"; };
		8EC0B4331FFE407B00EF6981 /* Base */ = {isa = PBXFileReference; lastKnownFileType = file.storyboard; name = Base; path = Base.lproj/LaunchScreen.storyboard; sourceTree = "<group>"; };
		8EC0B4351FFE407B00EF6981 /* Info.plist */ = {isa = PBXFileReference; lastKnownFileType = text.plist.xml; path = Info.plist; sourceTree = "<group>"; };
		8EC0B4361FFE407B00EF6981 /* main.m */ = {isa = PBXFileReference; lastKnownFileType = sourcecode.c.objc; path = main.m; sourceTree = "<group>"; };
		8EDE15671FFE43650013DD41 /* HqLeftVC.h */ = {isa = PBXFileReference; lastKnownFileType = sourcecode.c.h; path = HqLeftVC.h; sourceTree = "<group>"; };
		8EDE15681FFE43650013DD41 /* HqLeftVC.m */ = {isa = PBXFileReference; lastKnownFileType = sourcecode.c.objc; path = HqLeftVC.m; sourceTree = "<group>"; };
		8EDE156B1FFE439A0013DD41 /* HqCenterVC.h */ = {isa = PBXFileReference; lastKnownFileType = sourcecode.c.h; path = HqCenterVC.h; sourceTree = "<group>"; };
		8EDE156C1FFE439A0013DD41 /* HqCenterVC.m */ = {isa = PBXFileReference; lastKnownFileType = sourcecode.c.objc; path = HqCenterVC.m; sourceTree = "<group>"; };
		8EDE156F1FFE44050013DD41 /* MQRcode.pch */ = {isa = PBXFileReference; lastKnownFileType = sourcecode.c.h; path = MQRcode.pch; sourceTree = "<group>"; };
		8EDE15701FFE467B0013DD41 /* HqProjectHeader.h */ = {isa = PBXFileReference; lastKnownFileType = sourcecode.c.h; path = HqProjectHeader.h; sourceTree = "<group>"; };
		8EDE15731FFE473B0013DD41 /* MBProgressHUD.m */ = {isa = PBXFileReference; fileEncoding = 4; lastKnownFileType = sourcecode.c.objc; path = MBProgressHUD.m; sourceTree = "<group>"; };
		8EDE15741FFE473B0013DD41 /* Dialog.h */ = {isa = PBXFileReference; fileEncoding = 4; lastKnownFileType = sourcecode.c.h; path = Dialog.h; sourceTree = "<group>"; };
		8EDE15751FFE473B0013DD41 /* MBProgressHUD+Add.m */ = {isa = PBXFileReference; fileEncoding = 4; lastKnownFileType = sourcecode.c.objc; path = "MBProgressHUD+Add.m"; sourceTree = "<group>"; };
		8EDE15771FFE473B0013DD41 /* SVProgressHUD.h */ = {isa = PBXFileReference; fileEncoding = 4; lastKnownFileType = sourcecode.c.h; path = SVProgressHUD.h; sourceTree = "<group>"; };
		8EDE15781FFE473B0013DD41 /* SVProgressHUD.m */ = {isa = PBXFileReference; fileEncoding = 4; lastKnownFileType = sourcecode.c.objc; path = SVProgressHUD.m; sourceTree = "<group>"; };
		8EDE15791FFE473B0013DD41 /* SVProgressHUD.bundle */ = {isa = PBXFileReference; lastKnownFileType = "wrapper.plug-in"; path = SVProgressHUD.bundle; sourceTree = "<group>"; };
		8EDE157A1FFE473B0013DD41 /* MBProgressHUD.h */ = {isa = PBXFileReference; fileEncoding = 4; lastKnownFileType = sourcecode.c.h; path = MBProgressHUD.h; sourceTree = "<group>"; };
		8EDE157B1FFE473B0013DD41 /* MBProgressHUD+Add.h */ = {isa = PBXFileReference; fileEncoding = 4; lastKnownFileType = sourcecode.c.h; path = "MBProgressHUD+Add.h"; sourceTree = "<group>"; };
		8EDE157C1FFE473B0013DD41 /* Dialog.m */ = {isa = PBXFileReference; fileEncoding = 4; lastKnownFileType = sourcecode.c.objc; path = Dialog.m; sourceTree = "<group>"; };
		8EDE157D1FFE473B0013DD41 /* MBProgressHUD.bundle */ = {isa = PBXFileReference; lastKnownFileType = "wrapper.plug-in"; path = MBProgressHUD.bundle; sourceTree = "<group>"; };
		8EDE15801FFE473B0013DD41 /* IQTextView.m */ = {isa = PBXFileReference; fileEncoding = 4; lastKnownFileType = sourcecode.c.objc; path = IQTextView.m; sourceTree = "<group>"; };
		8EDE15811FFE473B0013DD41 /* IQTextView.h */ = {isa = PBXFileReference; fileEncoding = 4; lastKnownFileType = sourcecode.c.h; path = IQTextView.h; sourceTree = "<group>"; };
		8EDE15831FFE473B0013DD41 /* IQUIView+IQKeyboardToolbar.h */ = {isa = PBXFileReference; fileEncoding = 4; lastKnownFileType = sourcecode.c.h; path = "IQUIView+IQKeyboardToolbar.h"; sourceTree = "<group>"; };
		8EDE15841FFE473B0013DD41 /* IQToolbar.m */ = {isa = PBXFileReference; fileEncoding = 4; lastKnownFileType = sourcecode.c.objc; path = IQToolbar.m; sourceTree = "<group>"; };
		8EDE15851FFE473B0013DD41 /* IQPreviousNextView.h */ = {isa = PBXFileReference; fileEncoding = 4; lastKnownFileType = sourcecode.c.h; path = IQPreviousNextView.h; sourceTree = "<group>"; };
		8EDE15861FFE473B0013DD41 /* IQTitleBarButtonItem.m */ = {isa = PBXFileReference; fileEncoding = 4; lastKnownFileType = sourcecode.c.objc; path = IQTitleBarButtonItem.m; sourceTree = "<group>"; };
		8EDE15871FFE473B0013DD41 /* IQBarButtonItem.m */ = {isa = PBXFileReference; fileEncoding = 4; lastKnownFileType = sourcecode.c.objc; path = IQBarButtonItem.m; sourceTree = "<group>"; };
		8EDE15881FFE473B0013DD41 /* IQUIView+IQKeyboardToolbar.m */ = {isa = PBXFileReference; fileEncoding = 4; lastKnownFileType = sourcecode.c.objc; path = "IQUIView+IQKeyboardToolbar.m"; sourceTree = "<group>"; };
		8EDE15891FFE473B0013DD41 /* IQPreviousNextView.m */ = {isa = PBXFileReference; fileEncoding = 4; lastKnownFileType = sourcecode.c.objc; path = IQPreviousNextView.m; sourceTree = "<group>"; };
		8EDE158A1FFE473B0013DD41 /* IQToolbar.h */ = {isa = PBXFileReference; fileEncoding = 4; lastKnownFileType = sourcecode.c.h; path = IQToolbar.h; sourceTree = "<group>"; };
		8EDE158B1FFE473B0013DD41 /* IQBarButtonItem.h */ = {isa = PBXFileReference; fileEncoding = 4; lastKnownFileType = sourcecode.c.h; path = IQBarButtonItem.h; sourceTree = "<group>"; };
		8EDE158C1FFE473B0013DD41 /* IQTitleBarButtonItem.h */ = {isa = PBXFileReference; fileEncoding = 4; lastKnownFileType = sourcecode.c.h; path = IQTitleBarButtonItem.h; sourceTree = "<group>"; };
		8EDE158E1FFE473B0013DD41 /* IQKeyboardManagerConstantsInternal.h */ = {isa = PBXFileReference; fileEncoding = 4; lastKnownFileType = sourcecode.c.h; path = IQKeyboardManagerConstantsInternal.h; sourceTree = "<group>"; };
		8EDE158F1FFE473B0013DD41 /* IQKeyboardManagerConstants.h */ = {isa = PBXFileReference; fileEncoding = 4; lastKnownFileType = sourcecode.c.h; path = IQKeyboardManagerConstants.h; sourceTree = "<group>"; };
		8EDE15911FFE473B0013DD41 /* IQKeyboardManager.bundle */ = {isa = PBXFileReference; lastKnownFileType = "wrapper.plug-in"; path = IQKeyboardManager.bundle; sourceTree = "<group>"; };
		8EDE15921FFE473B0013DD41 /* IQKeyboardReturnKeyHandler.h */ = {isa = PBXFileReference; fileEncoding = 4; lastKnownFileType = sourcecode.c.h; path = IQKeyboardReturnKeyHandler.h; sourceTree = "<group>"; };
		8EDE15931FFE473B0013DD41 /* IQKeyboardManager.h */ = {isa = PBXFileReference; fileEncoding = 4; lastKnownFileType = sourcecode.c.h; path = IQKeyboardManager.h; sourceTree = "<group>"; };
		8EDE15941FFE473B0013DD41 /* IQKeyboardManager.m */ = {isa = PBXFileReference; fileEncoding = 4; lastKnownFileType = sourcecode.c.objc; path = IQKeyboardManager.m; sourceTree = "<group>"; };
		8EDE15961FFE473B0013DD41 /* IQNSArray+Sort.m */ = {isa = PBXFileReference; fileEncoding = 4; lastKnownFileType = sourcecode.c.objc; path = "IQNSArray+Sort.m"; sourceTree = "<group>"; };
		8EDE15971FFE473B0013DD41 /* IQUIWindow+Hierarchy.m */ = {isa = PBXFileReference; fileEncoding = 4; lastKnownFileType = sourcecode.c.objc; path = "IQUIWindow+Hierarchy.m"; sourceTree = "<group>"; };
		8EDE15981FFE473B0013DD41 /* IQUIViewController+Additions.h */ = {isa = PBXFileReference; fileEncoding = 4; lastKnownFileType = sourcecode.c.h; path = "IQUIViewController+Additions.h"; sourceTree = "<group>"; };
		8EDE15991FFE473B0013DD41 /* IQUITextFieldView+Additions.m */ = {isa = PBXFileReference; fileEncoding = 4; lastKnownFileType = sourcecode.c.objc; path = "IQUITextFieldView+Additions.m"; sourceTree = "<group>"; };
		8EDE159A1FFE473B0013DD41 /* IQUIScrollView+Additions.m */ = {isa = PBXFileReference; fileEncoding = 4; lastKnownFileType = sourcecode.c.objc; path = "IQUIScrollView+Additions.m"; sourceTree = "<group>"; };
		8EDE159B1FFE473B0013DD41 /* IQUIView+Hierarchy.m */ = {isa = PBXFileReference; fileEncoding = 4; lastKnownFileType = sourcecode.c.objc; path = "IQUIView+Hierarchy.m"; sourceTree = "<group>"; };
		8EDE159C1FFE473B0013DD41 /* IQUIWindow+Hierarchy.h */ = {isa = PBXFileReference; fileEncoding = 4; lastKnownFileType = sourcecode.c.h; path = "IQUIWindow+Hierarchy.h"; sourceTree = "<group>"; };
		8EDE159D1FFE473B0013DD41 /* IQNSArray+Sort.h */ = {isa = PBXFileReference; fileEncoding = 4; lastKnownFileType = sourcecode.c.h; path = "IQNSArray+Sort.h"; sourceTree = "<group>"; };
		8EDE159E1FFE473B0013DD41 /* IQUIScrollView+Additions.h */ = {isa = PBXFileReference; fileEncoding = 4; lastKnownFileType = sourcecode.c.h; path = "IQUIScrollView+Additions.h"; sourceTree = "<group>"; };
		8EDE159F1FFE473B0013DD41 /* IQUITextFieldView+Additions.h */ = {isa = PBXFileReference; fileEncoding = 4; lastKnownFileType = sourcecode.c.h; path = "IQUITextFieldView+Additions.h"; sourceTree = "<group>"; };
		8EDE15A01FFE473B0013DD41 /* IQUIViewController+Additions.m */ = {isa = PBXFileReference; fileEncoding = 4; lastKnownFileType = sourcecode.c.objc; path = "IQUIViewController+Additions.m"; sourceTree = "<group>"; };
		8EDE15A11FFE473B0013DD41 /* IQUIView+Hierarchy.h */ = {isa = PBXFileReference; fileEncoding = 4; lastKnownFileType = sourcecode.c.h; path = "IQUIView+Hierarchy.h"; sourceTree = "<group>"; };
		8EDE15A21FFE473B0013DD41 /* IQKeyboardReturnKeyHandler.m */ = {isa = PBXFileReference; fileEncoding = 4; lastKnownFileType = sourcecode.c.objc; path = IQKeyboardReturnKeyHandler.m; sourceTree = "<group>"; };
		8EDE15A41FFE473B0013DD41 /* UITextView+Placeholder.m */ = {isa = PBXFileReference; fileEncoding = 4; lastKnownFileType = sourcecode.c.objc; path = "UITextView+Placeholder.m"; sourceTree = "<group>"; };
		8EDE15A51FFE473B0013DD41 /* UITextView+Placeholder.h */ = {isa = PBXFileReference; fileEncoding = 4; lastKnownFileType = sourcecode.c.h; path = "UITextView+Placeholder.h"; sourceTree = "<group>"; };
		8EDE15BD1FFE47CA0013DD41 /* NSDictionary+isNULL.h */ = {isa = PBXFileReference; fileEncoding = 4; lastKnownFileType = sourcecode.c.h; path = "NSDictionary+isNULL.h"; sourceTree = "<group>"; };
		8EDE15BF1FFE47CA0013DD41 /* NSData+Extension.m */ = {isa = PBXFileReference; fileEncoding = 4; lastKnownFileType = sourcecode.c.objc; path = "NSData+Extension.m"; sourceTree = "<group>"; };
		8EDE15C01FFE47CA0013DD41 /* NSString+Extension.h */ = {isa = PBXFileReference; fileEncoding = 4; lastKnownFileType = sourcecode.c.h; path = "NSString+Extension.h"; sourceTree = "<group>"; };
		8EDE15C11FFE47CA0013DD41 /* NSNumber+Extension.m */ = {isa = PBXFileReference; fileEncoding = 4; lastKnownFileType = sourcecode.c.objc; path = "NSNumber+Extension.m"; sourceTree = "<group>"; };
		8EDE15C21FFE47CA0013DD41 /* UITextField+EnlargeTouchArea.m */ = {isa = PBXFileReference; fileEncoding = 4; lastKnownFileType = sourcecode.c.objc; path = "UITextField+EnlargeTouchArea.m"; sourceTree = "<group>"; };
		8EDE15C31FFE47CA0013DD41 /* NSString+Extension.m */ = {isa = PBXFileReference; fileEncoding = 4; lastKnownFileType = sourcecode.c.objc; path = "NSString+Extension.m"; sourceTree = "<group>"; };
		8EDE15C41FFE47CA0013DD41 /* NSData+Extension.h */ = {isa = PBXFileReference; fileEncoding = 4; lastKnownFileType = sourcecode.c.h; path = "NSData+Extension.h"; sourceTree = "<group>"; };
		8EDE15C51FFE47CA0013DD41 /* UITextField+EnlargeTouchArea.h */ = {isa = PBXFileReference; fileEncoding = 4; lastKnownFileType = sourcecode.c.h; path = "UITextField+EnlargeTouchArea.h"; sourceTree = "<group>"; };
		8EDE15C61FFE47CA0013DD41 /* NSNumber+Extension.h */ = {isa = PBXFileReference; fileEncoding = 4; lastKnownFileType = sourcecode.c.h; path = "NSNumber+Extension.h"; sourceTree = "<group>"; };
		8EDE15C71FFE47CA0013DD41 /* HqString.m */ = {isa = PBXFileReference; fileEncoding = 4; lastKnownFileType = sourcecode.c.objc; path = HqString.m; sourceTree = "<group>"; };
		8EDE15C81FFE47CA0013DD41 /* UILabel+ChangeLineSpaceAndWordSpace.m */ = {isa = PBXFileReference; fileEncoding = 4; lastKnownFileType = sourcecode.c.objc; path = "UILabel+ChangeLineSpaceAndWordSpace.m"; sourceTree = "<group>"; };
		8EDE15C91FFE47CA0013DD41 /* NSString+Public.m */ = {isa = PBXFileReference; fileEncoding = 4; lastKnownFileType = sourcecode.c.objc; path = "NSString+Public.m"; sourceTree = "<group>"; };
		8EDE15CB1FFE47CA0013DD41 /* HqDateFormatter.h */ = {isa = PBXFileReference; fileEncoding = 4; lastKnownFileType = sourcecode.c.h; path = HqDateFormatter.h; sourceTree = "<group>"; };
		8EDE15CC1FFE47CA0013DD41 /* HqDateFormatter.m */ = {isa = PBXFileReference; fileEncoding = 4; lastKnownFileType = sourcecode.c.objc; path = HqDateFormatter.m; sourceTree = "<group>"; };
		8EDE15CD1FFE47CA0013DD41 /* UIFont+HqCustomFont.m */ = {isa = PBXFileReference; fileEncoding = 4; lastKnownFileType = sourcecode.c.objc; path = "UIFont+HqCustomFont.m"; sourceTree = "<group>"; };
		8EDE15CE1FFE47CA0013DD41 /* NSString+HqString.h */ = {isa = PBXFileReference; fileEncoding = 4; lastKnownFileType = sourcecode.c.h; path = "NSString+HqString.h"; sourceTree = "<group>"; };
		8EDE15CF1FFE47CA0013DD41 /* UIImage+HqImageCategory.m */ = {isa = PBXFileReference; fileEncoding = 4; lastKnownFileType = sourcecode.c.objc; path = "UIImage+HqImageCategory.m"; sourceTree = "<group>"; };
		8EDE15D01FFE47CA0013DD41 /* NSDictionary+isNULL.m */ = {isa = PBXFileReference; fileEncoding = 4; lastKnownFileType = sourcecode.c.objc; path = "NSDictionary+isNULL.m"; sourceTree = "<group>"; };
		8EDE15D11FFE47CA0013DD41 /* UILabel+ChangeLineSpaceAndWordSpace.h */ = {isa = PBXFileReference; fileEncoding = 4; lastKnownFileType = sourcecode.c.h; path = "UILabel+ChangeLineSpaceAndWordSpace.h"; sourceTree = "<group>"; };
		8EDE15D21FFE47CA0013DD41 /* HqString.h */ = {isa = PBXFileReference; fileEncoding = 4; lastKnownFileType = sourcecode.c.h; path = HqString.h; sourceTree = "<group>"; };
		8EDE15D31FFE47CA0013DD41 /* UIImage+HqImageCategory.h */ = {isa = PBXFileReference; fileEncoding = 4; lastKnownFileType = sourcecode.c.h; path = "UIImage+HqImageCategory.h"; sourceTree = "<group>"; };
		8EDE15D41FFE47CA0013DD41 /* NSString+HqString.m */ = {isa = PBXFileReference; fileEncoding = 4; lastKnownFileType = sourcecode.c.objc; path = "NSString+HqString.m"; sourceTree = "<group>"; };
		8EDE15D61FFE47CA0013DD41 /* UITextField+LimitInput.m */ = {isa = PBXFileReference; fileEncoding = 4; lastKnownFileType = sourcecode.c.objc; path = "UITextField+LimitInput.m"; sourceTree = "<group>"; };
		8EDE15D71FFE47CA0013DD41 /* UITextField+LimitInput.h */ = {isa = PBXFileReference; fileEncoding = 4; lastKnownFileType = sourcecode.c.h; path = "UITextField+LimitInput.h"; sourceTree = "<group>"; };
		8EDE15D91FFE47CA0013DD41 /* UIButton+EnlargeTouchArea.h */ = {isa = PBXFileReference; fileEncoding = 4; lastKnownFileType = sourcecode.c.h; path = "UIButton+EnlargeTouchArea.h"; sourceTree = "<group>"; };
		8EDE15DA1FFE47CA0013DD41 /* UIButton+EnlargeTouchArea.m */ = {isa = PBXFileReference; fileEncoding = 4; lastKnownFileType = sourcecode.c.objc; path = "UIButton+EnlargeTouchArea.m"; sourceTree = "<group>"; };
		8EDE15DB1FFE47CA0013DD41 /* UIFont+HqCustomFont.h */ = {isa = PBXFileReference; fileEncoding = 4; lastKnownFileType = sourcecode.c.h; path = "UIFont+HqCustomFont.h"; sourceTree = "<group>"; };
		8EDE15DC1FFE47CA0013DD41 /* NSString+Public.h */ = {isa = PBXFileReference; fileEncoding = 4; lastKnownFileType = sourcecode.c.h; path = "NSString+Public.h"; sourceTree = "<group>"; };
		8EDE15EB1FFE48030013DD41 /* ProjectDefine.h */ = {isa = PBXFileReference; fileEncoding = 4; lastKnownFileType = sourcecode.c.h; path = ProjectDefine.h; sourceTree = "<group>"; };
		8EDE15EC1FFE48030013DD41 /* ProjectConst.m */ = {isa = PBXFileReference; fileEncoding = 4; lastKnownFileType = sourcecode.c.objc; path = ProjectConst.m; sourceTree = "<group>"; };
		8EDE15ED1FFE48030013DD41 /* ProjectConst.h */ = {isa = PBXFileReference; fileEncoding = 4; lastKnownFileType = sourcecode.c.h; path = ProjectConst.h; sourceTree = "<group>"; };
		8EDE15F01FFE48D00013DD41 /* HqAFHttpClient.h */ = {isa = PBXFileReference; fileEncoding = 4; lastKnownFileType = sourcecode.c.h; path = HqAFHttpClient.h; sourceTree = "<group>"; };
		8EDE15F21FFE48D00013DD41 /* HqAFHttpClient.m */ = {isa = PBXFileReference; fileEncoding = 4; lastKnownFileType = sourcecode.c.objc; path = HqAFHttpClient.m; sourceTree = "<group>"; };
		8EDE15F61FFE495A0013DD41 /* ProjectEnvironment.m */ = {isa = PBXFileReference; fileEncoding = 4; lastKnownFileType = sourcecode.c.objc; path = ProjectEnvironment.m; sourceTree = "<group>"; };
		8EDE15F71FFE495B0013DD41 /* ProjectEnvironment.h */ = {isa = PBXFileReference; fileEncoding = 4; lastKnownFileType = sourcecode.c.h; path = ProjectEnvironment.h; sourceTree = "<group>"; };
/* End PBXFileReference section */

/* Begin PBXFrameworksBuildPhase section */
		8EC0B4211FFE407A00EF6981 /* Frameworks */ = {
			isa = PBXFrameworksBuildPhase;
			buildActionMask = 2147483647;
			files = (
				67DCA8A84A3890D25A90B0EE /* libPods-MQRcode.a in Frameworks */,
			);
			runOnlyForDeploymentPostprocessing = 0;
		};
/* End PBXFrameworksBuildPhase section */

/* Begin PBXGroup section */
		822F2BEBCB2C3810BC224C49 /* Frameworks */ = {
			isa = PBXGroup;
			children = (
				56F4E678F9C399D4A35C1281 /* libPods-MQRcode.a */,
			);
			name = Frameworks;
			sourceTree = "<group>";
		};
		8EC0B41B1FFE407A00EF6981 = {
			isa = PBXGroup;
			children = (
				8EC0B4261FFE407A00EF6981 /* MQRcode */,
				8EC0B4251FFE407A00EF6981 /* Products */,
				A7C89EE01532CC6FAF1D443A /* Pods */,
				822F2BEBCB2C3810BC224C49 /* Frameworks */,
			);
			sourceTree = "<group>";
		};
		8EC0B4251FFE407A00EF6981 /* Products */ = {
			isa = PBXGroup;
			children = (
				8EC0B4241FFE407A00EF6981 /* MQRcode.app */,
			);
			name = Products;
			sourceTree = "<group>";
		};
		8EC0B4261FFE407A00EF6981 /* MQRcode */ = {
			isa = PBXGroup;
			children = (
				8EDE15EF1FFE48D00013DD41 /* Network */,
				8EDE15BC1FFE47CA0013DD41 /* UItils */,
				8EDE15711FFE46EA0013DD41 /* Libs */,
				8EDE15661FFE432B0013DD41 /* ViewControllers */,
				8EDE15641FFE42F80013DD41 /* Config */,
				8EC0B4271FFE407A00EF6981 /* AppDelegate.h */,
				8EC0B4281FFE407A00EF6981 /* AppDelegate.m */,
				8EC0B42A1FFE407A00EF6981 /* ViewController.h */,
				8EC0B42B1FFE407B00EF6981 /* ViewController.m */,
				8EC0B42D1FFE407B00EF6981 /* Main.storyboard */,
				8EC0B4301FFE407B00EF6981 /* Assets.xcassets */,
				8EC0B4321FFE407B00EF6981 /* LaunchScreen.storyboard */,
				8EC0B4351FFE407B00EF6981 /* Info.plist */,
				8EDE156F1FFE44050013DD41 /* MQRcode.pch */,
				8EC0B4361FFE407B00EF6981 /* main.m */,
			);
			path = MQRcode;
			sourceTree = "<group>";
		};
		8EDE15641FFE42F80013DD41 /* Config */ = {
			isa = PBXGroup;
			children = (
				8EDE15F71FFE495B0013DD41 /* ProjectEnvironment.h */,
				8EDE15F61FFE495A0013DD41 /* ProjectEnvironment.m */,
				8EDE15ED1FFE48030013DD41 /* ProjectConst.h */,
				8EDE15EC1FFE48030013DD41 /* ProjectConst.m */,
				8EDE15EB1FFE48030013DD41 /* ProjectDefine.h */,
				8EDE15701FFE467B0013DD41 /* HqProjectHeader.h */,
			);
			path = Config;
			sourceTree = "<group>";
		};
		8EDE15661FFE432B0013DD41 /* ViewControllers */ = {
			isa = PBXGroup;
			children = (
				8EDE156A1FFE437C0013DD41 /* HqRoot */,
			);
			path = ViewControllers;
			sourceTree = "<group>";
		};
		8EDE156A1FFE437C0013DD41 /* HqRoot */ = {
			isa = PBXGroup;
			children = (
				8EDE15671FFE43650013DD41 /* HqLeftVC.h */,
				8EDE15681FFE43650013DD41 /* HqLeftVC.m */,
				8EDE156B1FFE439A0013DD41 /* HqCenterVC.h */,
				8EDE156C1FFE439A0013DD41 /* HqCenterVC.m */,
			);
			path = HqRoot;
			sourceTree = "<group>";
		};
		8EDE15711FFE46EA0013DD41 /* Libs */ = {
			isa = PBXGroup;
			children = (
				8EDE157E1FFE473B0013DD41 /* IQKeyboardManager */,
				8EDE15721FFE473B0013DD41 /* MBProgressHUD */,
				8EDE15A31FFE473B0013DD41 /* UITextView_Placehoder */,
			);
			path = Libs;
			sourceTree = "<group>";
		};
		8EDE15721FFE473B0013DD41 /* MBProgressHUD */ = {
			isa = PBXGroup;
			children = (
				8EDE15731FFE473B0013DD41 /* MBProgressHUD.m */,
				8EDE15741FFE473B0013DD41 /* Dialog.h */,
				8EDE15751FFE473B0013DD41 /* MBProgressHUD+Add.m */,
				8EDE15761FFE473B0013DD41 /* SVProgressHUD */,
				8EDE157A1FFE473B0013DD41 /* MBProgressHUD.h */,
				8EDE157B1FFE473B0013DD41 /* MBProgressHUD+Add.h */,
				8EDE157C1FFE473B0013DD41 /* Dialog.m */,
				8EDE157D1FFE473B0013DD41 /* MBProgressHUD.bundle */,
			);
			path = MBProgressHUD;
			sourceTree = "<group>";
		};
		8EDE15761FFE473B0013DD41 /* SVProgressHUD */ = {
			isa = PBXGroup;
			children = (
				8EDE15771FFE473B0013DD41 /* SVProgressHUD.h */,
				8EDE15781FFE473B0013DD41 /* SVProgressHUD.m */,
				8EDE15791FFE473B0013DD41 /* SVProgressHUD.bundle */,
			);
			path = SVProgressHUD;
			sourceTree = "<group>";
		};
		8EDE157E1FFE473B0013DD41 /* IQKeyboardManager */ = {
			isa = PBXGroup;
			children = (
				8EDE157F1FFE473B0013DD41 /* IQTextView */,
				8EDE15821FFE473B0013DD41 /* IQToolbar */,
				8EDE158D1FFE473B0013DD41 /* Constants */,
				8EDE15901FFE473B0013DD41 /* Resources */,
				8EDE15921FFE473B0013DD41 /* IQKeyboardReturnKeyHandler.h */,
				8EDE15931FFE473B0013DD41 /* IQKeyboardManager.h */,
				8EDE15941FFE473B0013DD41 /* IQKeyboardManager.m */,
				8EDE15951FFE473B0013DD41 /* Categories */,
				8EDE15A21FFE473B0013DD41 /* IQKeyboardReturnKeyHandler.m */,
			);
			path = IQKeyboardManager;
			sourceTree = "<group>";
		};
		8EDE157F1FFE473B0013DD41 /* IQTextView */ = {
			isa = PBXGroup;
			children = (
				8EDE15801FFE473B0013DD41 /* IQTextView.m */,
				8EDE15811FFE473B0013DD41 /* IQTextView.h */,
			);
			path = IQTextView;
			sourceTree = "<group>";
		};
		8EDE15821FFE473B0013DD41 /* IQToolbar */ = {
			isa = PBXGroup;
			children = (
				8EDE15831FFE473B0013DD41 /* IQUIView+IQKeyboardToolbar.h */,
				8EDE15841FFE473B0013DD41 /* IQToolbar.m */,
				8EDE15851FFE473B0013DD41 /* IQPreviousNextView.h */,
				8EDE15861FFE473B0013DD41 /* IQTitleBarButtonItem.m */,
				8EDE15871FFE473B0013DD41 /* IQBarButtonItem.m */,
				8EDE15881FFE473B0013DD41 /* IQUIView+IQKeyboardToolbar.m */,
				8EDE15891FFE473B0013DD41 /* IQPreviousNextView.m */,
				8EDE158A1FFE473B0013DD41 /* IQToolbar.h */,
				8EDE158B1FFE473B0013DD41 /* IQBarButtonItem.h */,
				8EDE158C1FFE473B0013DD41 /* IQTitleBarButtonItem.h */,
			);
			path = IQToolbar;
			sourceTree = "<group>";
		};
		8EDE158D1FFE473B0013DD41 /* Constants */ = {
			isa = PBXGroup;
			children = (
				8EDE158E1FFE473B0013DD41 /* IQKeyboardManagerConstantsInternal.h */,
				8EDE158F1FFE473B0013DD41 /* IQKeyboardManagerConstants.h */,
			);
			path = Constants;
			sourceTree = "<group>";
		};
		8EDE15901FFE473B0013DD41 /* Resources */ = {
			isa = PBXGroup;
			children = (
				8EDE15911FFE473B0013DD41 /* IQKeyboardManager.bundle */,
			);
			path = Resources;
			sourceTree = "<group>";
		};
		8EDE15951FFE473B0013DD41 /* Categories */ = {
			isa = PBXGroup;
			children = (
				8EDE15961FFE473B0013DD41 /* IQNSArray+Sort.m */,
				8EDE15971FFE473B0013DD41 /* IQUIWindow+Hierarchy.m */,
				8EDE15981FFE473B0013DD41 /* IQUIViewController+Additions.h */,
				8EDE15991FFE473B0013DD41 /* IQUITextFieldView+Additions.m */,
				8EDE159A1FFE473B0013DD41 /* IQUIScrollView+Additions.m */,
				8EDE159B1FFE473B0013DD41 /* IQUIView+Hierarchy.m */,
				8EDE159C1FFE473B0013DD41 /* IQUIWindow+Hierarchy.h */,
				8EDE159D1FFE473B0013DD41 /* IQNSArray+Sort.h */,
				8EDE159E1FFE473B0013DD41 /* IQUIScrollView+Additions.h */,
				8EDE159F1FFE473B0013DD41 /* IQUITextFieldView+Additions.h */,
				8EDE15A01FFE473B0013DD41 /* IQUIViewController+Additions.m */,
				8EDE15A11FFE473B0013DD41 /* IQUIView+Hierarchy.h */,
			);
			path = Categories;
			sourceTree = "<group>";
		};
		8EDE15A31FFE473B0013DD41 /* UITextView_Placehoder */ = {
			isa = PBXGroup;
			children = (
				8EDE15A41FFE473B0013DD41 /* UITextView+Placeholder.m */,
				8EDE15A51FFE473B0013DD41 /* UITextView+Placeholder.h */,
			);
			path = UITextView_Placehoder;
			sourceTree = "<group>";
		};
		8EDE15BC1FFE47CA0013DD41 /* UItils */ = {
			isa = PBXGroup;
			children = (
				8EDE15BD1FFE47CA0013DD41 /* NSDictionary+isNULL.h */,
				8EDE15BE1FFE47CA0013DD41 /* Category */,
				8EDE15C71FFE47CA0013DD41 /* HqString.m */,
				8EDE15C81FFE47CA0013DD41 /* UILabel+ChangeLineSpaceAndWordSpace.m */,
				8EDE15C91FFE47CA0013DD41 /* NSString+Public.m */,
				8EDE15CA1FFE47CA0013DD41 /* HqTimerformatter */,
				8EDE15CD1FFE47CA0013DD41 /* UIFont+HqCustomFont.m */,
				8EDE15CE1FFE47CA0013DD41 /* NSString+HqString.h */,
				8EDE15CF1FFE47CA0013DD41 /* UIImage+HqImageCategory.m */,
				8EDE15D01FFE47CA0013DD41 /* NSDictionary+isNULL.m */,
				8EDE15D11FFE47CA0013DD41 /* UILabel+ChangeLineSpaceAndWordSpace.h */,
				8EDE15D21FFE47CA0013DD41 /* HqString.h */,
				8EDE15D31FFE47CA0013DD41 /* UIImage+HqImageCategory.h */,
				8EDE15D41FFE47CA0013DD41 /* NSString+HqString.m */,
				8EDE15D51FFE47CA0013DD41 /* HqTextInputLimit */,
				8EDE15D81FFE47CA0013DD41 /* UIButton+EnlargeTouchArea */,
				8EDE15DB1FFE47CA0013DD41 /* UIFont+HqCustomFont.h */,
				8EDE15DC1FFE47CA0013DD41 /* NSString+Public.h */,
			);
			path = UItils;
			sourceTree = "<group>";
		};
		8EDE15BE1FFE47CA0013DD41 /* Category */ = {
			isa = PBXGroup;
			children = (
				8EDE15BF1FFE47CA0013DD41 /* NSData+Extension.m */,
				8EDE15C01FFE47CA0013DD41 /* NSString+Extension.h */,
				8EDE15C11FFE47CA0013DD41 /* NSNumber+Extension.m */,
				8EDE15C21FFE47CA0013DD41 /* UITextField+EnlargeTouchArea.m */,
				8EDE15C31FFE47CA0013DD41 /* NSString+Extension.m */,
				8EDE15C41FFE47CA0013DD41 /* NSData+Extension.h */,
				8EDE15C51FFE47CA0013DD41 /* UITextField+EnlargeTouchArea.h */,
				8EDE15C61FFE47CA0013DD41 /* NSNumber+Extension.h */,
			);
			path = Category;
			sourceTree = "<group>";
		};
		8EDE15CA1FFE47CA0013DD41 /* HqTimerformatter */ = {
			isa = PBXGroup;
			children = (
				8EDE15CB1FFE47CA0013DD41 /* HqDateFormatter.h */,
				8EDE15CC1FFE47CA0013DD41 /* HqDateFormatter.m */,
			);
			path = HqTimerformatter;
			sourceTree = "<group>";
		};
		8EDE15D51FFE47CA0013DD41 /* HqTextInputLimit */ = {
			isa = PBXGroup;
			children = (
				8EDE15D61FFE47CA0013DD41 /* UITextField+LimitInput.m */,
				8EDE15D71FFE47CA0013DD41 /* UITextField+LimitInput.h */,
			);
			path = HqTextInputLimit;
			sourceTree = "<group>";
		};
		8EDE15D81FFE47CA0013DD41 /* UIButton+EnlargeTouchArea */ = {
			isa = PBXGroup;
			children = (
				8EDE15D91FFE47CA0013DD41 /* UIButton+EnlargeTouchArea.h */,
				8EDE15DA1FFE47CA0013DD41 /* UIButton+EnlargeTouchArea.m */,
			);
			path = "UIButton+EnlargeTouchArea";
			sourceTree = "<group>";
		};
		8EDE15EF1FFE48D00013DD41 /* Network */ = {
			isa = PBXGroup;
			children = (
				8EDE15F01FFE48D00013DD41 /* HqAFHttpClient.h */,
				8EDE15F21FFE48D00013DD41 /* HqAFHttpClient.m */,
			);
			path = Network;
			sourceTree = "<group>";
		};
		A7C89EE01532CC6FAF1D443A /* Pods */ = {
			isa = PBXGroup;
			children = (
				14D405AC33D6E10B00113614 /* Pods-MQRcode.debug.xcconfig */,
				753D954596DD8C8CC3526A23 /* Pods-MQRcode.release.xcconfig */,
			);
			name = Pods;
			sourceTree = "<group>";
		};
/* End PBXGroup section */

/* Begin PBXNativeTarget section */
		8EC0B4231FFE407A00EF6981 /* MQRcode */ = {
			isa = PBXNativeTarget;
			buildConfigurationList = 8EC0B43A1FFE407B00EF6981 /* Build configuration list for PBXNativeTarget "MQRcode" */;
			buildPhases = (
				06BB7AE7E093D1DE9C17063B /* [CP] Check Pods Manifest.lock */,
				8EC0B4201FFE407A00EF6981 /* Sources */,
				8EC0B4211FFE407A00EF6981 /* Frameworks */,
				8EC0B4221FFE407A00EF6981 /* Resources */,
				790B60CFD670CDD4C44C092C /* [CP] Embed Pods Frameworks */,
				B79378E7401C96C3FF6426A7 /* [CP] Copy Pods Resources */,
			);
			buildRules = (
			);
			dependencies = (
			);
			name = MQRcode;
			productName = MQRcode;
			productReference = 8EC0B4241FFE407A00EF6981 /* MQRcode.app */;
			productType = "com.apple.product-type.application";
		};
/* End PBXNativeTarget section */

/* Begin PBXProject section */
		8EC0B41C1FFE407A00EF6981 /* Project object */ = {
			isa = PBXProject;
			attributes = {
				LastUpgradeCheck = 0920;
				ORGANIZATIONNAME = macpro;
				TargetAttributes = {
					8EC0B4231FFE407A00EF6981 = {
						CreatedOnToolsVersion = 9.2;
						ProvisioningStyle = Automatic;
					};
				};
			};
			buildConfigurationList = 8EC0B41F1FFE407A00EF6981 /* Build configuration list for PBXProject "MQRcode" */;
			compatibilityVersion = "Xcode 8.0";
			developmentRegion = en;
			hasScannedForEncodings = 0;
			knownRegions = (
				en,
				Base,
			);
			mainGroup = 8EC0B41B1FFE407A00EF6981;
			productRefGroup = 8EC0B4251FFE407A00EF6981 /* Products */;
			projectDirPath = "";
			projectRoot = "";
			targets = (
				8EC0B4231FFE407A00EF6981 /* MQRcode */,
			);
		};
/* End PBXProject section */

/* Begin PBXResourcesBuildPhase section */
		8EC0B4221FFE407A00EF6981 /* Resources */ = {
			isa = PBXResourcesBuildPhase;
			buildActionMask = 2147483647;
			files = (
				8EC0B4341FFE407B00EF6981 /* LaunchScreen.storyboard in Resources */,
				8EC0B4311FFE407B00EF6981 /* Assets.xcassets in Resources */,
				8EDE15B21FFE473B0013DD41 /* IQKeyboardManager.bundle in Resources */,
				8EDE15AB1FFE473B0013DD41 /* MBProgressHUD.bundle in Resources */,
				8EC0B42F1FFE407B00EF6981 /* Main.storyboard in Resources */,
				8EDE15A91FFE473B0013DD41 /* SVProgressHUD.bundle in Resources */,
			);
			runOnlyForDeploymentPostprocessing = 0;
		};
/* End PBXResourcesBuildPhase section */

/* Begin PBXShellScriptBuildPhase section */
		06BB7AE7E093D1DE9C17063B /* [CP] Check Pods Manifest.lock */ = {
			isa = PBXShellScriptBuildPhase;
			buildActionMask = 2147483647;
			files = (
			);
			inputPaths = (
				"${PODS_PODFILE_DIR_PATH}/Podfile.lock",
				"${PODS_ROOT}/Manifest.lock",
			);
			name = "[CP] Check Pods Manifest.lock";
			outputPaths = (
				"$(DERIVED_FILE_DIR)/Pods-MQRcode-checkManifestLockResult.txt",
			);
			runOnlyForDeploymentPostprocessing = 0;
			shellPath = /bin/sh;
			shellScript = "diff \"${PODS_PODFILE_DIR_PATH}/Podfile.lock\" \"${PODS_ROOT}/Manifest.lock\" > /dev/null\nif [ $? != 0 ] ; then\n    # print error to STDERR\n    echo \"error: The sandbox is not in sync with the Podfile.lock. Run 'pod install' or update your CocoaPods installation.\" >&2\n    exit 1\nfi\n# This output is used by Xcode 'outputs' to avoid re-running this script phase.\necho \"SUCCESS\" > \"${SCRIPT_OUTPUT_FILE_0}\"\n";
			showEnvVarsInLog = 0;
		};
		790B60CFD670CDD4C44C092C /* [CP] Embed Pods Frameworks */ = {
			isa = PBXShellScriptBuildPhase;
			buildActionMask = 2147483647;
			files = (
			);
			inputPaths = (
			);
			name = "[CP] Embed Pods Frameworks";
			outputPaths = (
			);
			runOnlyForDeploymentPostprocessing = 0;
			shellPath = /bin/sh;
			shellScript = "\"${SRCROOT}/Pods/Target Support Files/Pods-MQRcode/Pods-MQRcode-frameworks.sh\"\n";
			showEnvVarsInLog = 0;
		};
		B79378E7401C96C3FF6426A7 /* [CP] Copy Pods Resources */ = {
			isa = PBXShellScriptBuildPhase;
			buildActionMask = 2147483647;
			files = (
			);
			inputPaths = (
				"${SRCROOT}/Pods/Target Support Files/Pods-MQRcode/Pods-MQRcode-resources.sh",
				"${PODS_ROOT}/MJRefresh/MJRefresh/MJRefresh.bundle",
			);
			name = "[CP] Copy Pods Resources";
			outputPaths = (
				"${TARGET_BUILD_DIR}/${UNLOCALIZED_RESOURCES_FOLDER_PATH}",
			);
			runOnlyForDeploymentPostprocessing = 0;
			shellPath = /bin/sh;
			shellScript = "\"${SRCROOT}/Pods/Target Support Files/Pods-MQRcode/Pods-MQRcode-resources.sh\"\n";
			showEnvVarsInLog = 0;
		};
/* End PBXShellScriptBuildPhase section */

/* Begin PBXSourcesBuildPhase section */
		8EC0B4201FFE407A00EF6981 /* Sources */ = {
			isa = PBXSourcesBuildPhase;
			buildActionMask = 2147483647;
			files = (
				8EDE15B61FFE473B0013DD41 /* IQUITextFieldView+Additions.m in Sources */,
				8EDE15B71FFE473B0013DD41 /* IQUIScrollView+Additions.m in Sources */,
				8EDE15E61FFE47CA0013DD41 /* UIImage+HqImageCategory.m in Sources */,
				8EDE15B91FFE473B0013DD41 /* IQUIViewController+Additions.m in Sources */,
				8EC0B42C1FFE407B00EF6981 /* ViewController.m in Sources */,
				8EDE15DF1FFE47CA0013DD41 /* UITextField+EnlargeTouchArea.m in Sources */,
				8EDE15EE1FFE48030013DD41 /* ProjectConst.m in Sources */,
				8EDE15AE1FFE473B0013DD41 /* IQTitleBarButtonItem.m in Sources */,
				8EDE15BA1FFE473B0013DD41 /* IQKeyboardReturnKeyHandler.m in Sources */,
				8EDE15A81FFE473B0013DD41 /* SVProgressHUD.m in Sources */,
				8EDE15F41FFE48D00013DD41 /* HqAFHttpClient.m in Sources */,
				8EDE15BB1FFE473B0013DD41 /* UITextView+Placeholder.m in Sources */,
				8EDE15B51FFE473B0013DD41 /* IQUIWindow+Hierarchy.m in Sources */,
				8EDE15E21FFE47CA0013DD41 /* UILabel+ChangeLineSpaceAndWordSpace.m in Sources */,
				8EDE15DD1FFE47CA0013DD41 /* NSData+Extension.m in Sources */,
				8EDE15E81FFE47CA0013DD41 /* NSString+HqString.m in Sources */,
				8EDE15B01FFE473B0013DD41 /* IQUIView+IQKeyboardToolbar.m in Sources */,
				8EDE15B41FFE473B0013DD41 /* IQNSArray+Sort.m in Sources */,
				8EDE15E71FFE47CA0013DD41 /* NSDictionary+isNULL.m in Sources */,
				8EDE15B31FFE473B0013DD41 /* IQKeyboardManager.m in Sources */,
				8EDE15A71FFE473B0013DD41 /* MBProgressHUD+Add.m in Sources */,
				8EDE15AD1FFE473B0013DD41 /* IQToolbar.m in Sources */,
				8EDE15AC1FFE473B0013DD41 /* IQTextView.m in Sources */,
				8EDE15EA1FFE47CA0013DD41 /* UIButton+EnlargeTouchArea.m in Sources */,
				8EDE15A61FFE473B0013DD41 /* MBProgressHUD.m in Sources */,
				8EDE15B81FFE473B0013DD41 /* IQUIView+Hierarchy.m in Sources */,
				8EDE15F81FFE495B0013DD41 /* ProjectEnvironment.m in Sources */,
				8EDE15B11FFE473B0013DD41 /* IQPreviousNextView.m in Sources */,
				8EDE15E31FFE47CA0013DD41 /* NSString+Public.m in Sources */,
				8EDE15AF1FFE473B0013DD41 /* IQBarButtonItem.m in Sources */,
				8EDE15E41FFE47CA0013DD41 /* HqDateFormatter.m in Sources */,
				8EDE15AA1FFE473B0013DD41 /* Dialog.m in Sources */,
				8EDE15DE1FFE47CA0013DD41 /* NSNumber+Extension.m in Sources */,
				8EDE156D1FFE439A0013DD41 /* HqCenterVC.m in Sources */,
				8EDE15E51FFE47CA0013DD41 /* UIFont+HqCustomFont.m in Sources */,
				8EDE15E91FFE47CA0013DD41 /* UITextField+LimitInput.m in Sources */,
				8EC0B4371FFE407B00EF6981 /* main.m in Sources */,
				8EDE15691FFE43650013DD41 /* HqLeftVC.m in Sources */,
				8EDE15E11FFE47CA0013DD41 /* HqString.m in Sources */,
				8EC0B4291FFE407A00EF6981 /* AppDelegate.m in Sources */,
				8EDE15E01FFE47CA0013DD41 /* NSString+Extension.m in Sources */,
			);
			runOnlyForDeploymentPostprocessing = 0;
		};
/* End PBXSourcesBuildPhase section */

/* Begin PBXVariantGroup section */
		8EC0B42D1FFE407B00EF6981 /* Main.storyboard */ = {
			isa = PBXVariantGroup;
			children = (
				8EC0B42E1FFE407B00EF6981 /* Base */,
			);
			name = Main.storyboard;
			sourceTree = "<group>";
		};
		8EC0B4321FFE407B00EF6981 /* LaunchScreen.storyboard */ = {
			isa = PBXVariantGroup;
			children = (
				8EC0B4331FFE407B00EF6981 /* Base */,
			);
			name = LaunchScreen.storyboard;
			sourceTree = "<group>";
		};
/* End PBXVariantGroup section */

/* Begin XCBuildConfiguration section */
		8EC0B4381FFE407B00EF6981 /* Debug */ = {
			isa = XCBuildConfiguration;
			buildSettings = {
				ALWAYS_SEARCH_USER_PATHS = NO;
				CLANG_ANALYZER_NONNULL = YES;
				CLANG_ANALYZER_NUMBER_OBJECT_CONVERSION = YES_AGGRESSIVE;
				CLANG_CXX_LANGUAGE_STANDARD = "gnu++14";
				CLANG_CXX_LIBRARY = "libc++";
				CLANG_ENABLE_MODULES = YES;
				CLANG_ENABLE_OBJC_ARC = YES;
				CLANG_WARN_BLOCK_CAPTURE_AUTORELEASING = YES;
				CLANG_WARN_BOOL_CONVERSION = YES;
				CLANG_WARN_COMMA = YES;
				CLANG_WARN_CONSTANT_CONVERSION = YES;
				CLANG_WARN_DIRECT_OBJC_ISA_USAGE = YES_ERROR;
				CLANG_WARN_DOCUMENTATION_COMMENTS = YES;
				CLANG_WARN_EMPTY_BODY = YES;
				CLANG_WARN_ENUM_CONVERSION = YES;
				CLANG_WARN_INFINITE_RECURSION = YES;
				CLANG_WARN_INT_CONVERSION = YES;
				CLANG_WARN_NON_LITERAL_NULL_CONVERSION = YES;
				CLANG_WARN_OBJC_LITERAL_CONVERSION = YES;
				CLANG_WARN_OBJC_ROOT_CLASS = YES_ERROR;
				CLANG_WARN_RANGE_LOOP_ANALYSIS = YES;
				CLANG_WARN_STRICT_PROTOTYPES = YES;
				CLANG_WARN_SUSPICIOUS_MOVE = YES;
				CLANG_WARN_UNGUARDED_AVAILABILITY = YES_AGGRESSIVE;
				CLANG_WARN_UNREACHABLE_CODE = YES;
				CLANG_WARN__DUPLICATE_METHOD_MATCH = YES;
				CODE_SIGN_IDENTITY = "iPhone Developer";
				COPY_PHASE_STRIP = NO;
				DEBUG_INFORMATION_FORMAT = dwarf;
				ENABLE_STRICT_OBJC_MSGSEND = YES;
				ENABLE_TESTABILITY = YES;
				GCC_C_LANGUAGE_STANDARD = gnu11;
				GCC_DYNAMIC_NO_PIC = NO;
				GCC_NO_COMMON_BLOCKS = YES;
				GCC_OPTIMIZATION_LEVEL = 0;
				GCC_PREPROCESSOR_DEFINITIONS = (
					"DEBUG=1",
					"$(inherited)",
				);
				GCC_WARN_64_TO_32_BIT_CONVERSION = YES;
				GCC_WARN_ABOUT_RETURN_TYPE = YES_ERROR;
				GCC_WARN_UNDECLARED_SELECTOR = YES;
				GCC_WARN_UNINITIALIZED_AUTOS = YES_AGGRESSIVE;
				GCC_WARN_UNUSED_FUNCTION = YES;
				GCC_WARN_UNUSED_VARIABLE = YES;
				IPHONEOS_DEPLOYMENT_TARGET = 11.2;
				MTL_ENABLE_DEBUG_INFO = YES;
				ONLY_ACTIVE_ARCH = YES;
				SDKROOT = iphoneos;
			};
			name = Debug;
		};
		8EC0B4391FFE407B00EF6981 /* Release */ = {
			isa = XCBuildConfiguration;
			buildSettings = {
				ALWAYS_SEARCH_USER_PATHS = NO;
				CLANG_ANALYZER_NONNULL = YES;
				CLANG_ANALYZER_NUMBER_OBJECT_CONVERSION = YES_AGGRESSIVE;
				CLANG_CXX_LANGUAGE_STANDARD = "gnu++14";
				CLANG_CXX_LIBRARY = "libc++";
				CLANG_ENABLE_MODULES = YES;
				CLANG_ENABLE_OBJC_ARC = YES;
				CLANG_WARN_BLOCK_CAPTURE_AUTORELEASING = YES;
				CLANG_WARN_BOOL_CONVERSION = YES;
				CLANG_WARN_COMMA = YES;
				CLANG_WARN_CONSTANT_CONVERSION = YES;
				CLANG_WARN_DIRECT_OBJC_ISA_USAGE = YES_ERROR;
				CLANG_WARN_DOCUMENTATION_COMMENTS = YES;
				CLANG_WARN_EMPTY_BODY = YES;
				CLANG_WARN_ENUM_CONVERSION = YES;
				CLANG_WARN_INFINITE_RECURSION = YES;
				CLANG_WARN_INT_CONVERSION = YES;
				CLANG_WARN_NON_LITERAL_NULL_CONVERSION = YES;
				CLANG_WARN_OBJC_LITERAL_CONVERSION = YES;
				CLANG_WARN_OBJC_ROOT_CLASS = YES_ERROR;
				CLANG_WARN_RANGE_LOOP_ANALYSIS = YES;
				CLANG_WARN_STRICT_PROTOTYPES = YES;
				CLANG_WARN_SUSPICIOUS_MOVE = YES;
				CLANG_WARN_UNGUARDED_AVAILABILITY = YES_AGGRESSIVE;
				CLANG_WARN_UNREACHABLE_CODE = YES;
				CLANG_WARN__DUPLICATE_METHOD_MATCH = YES;
				CODE_SIGN_IDENTITY = "iPhone Developer";
				COPY_PHASE_STRIP = NO;
				DEBUG_INFORMATION_FORMAT = "dwarf-with-dsym";
				ENABLE_NS_ASSERTIONS = NO;
				ENABLE_STRICT_OBJC_MSGSEND = YES;
				GCC_C_LANGUAGE_STANDARD = gnu11;
				GCC_NO_COMMON_BLOCKS = YES;
				GCC_WARN_64_TO_32_BIT_CONVERSION = YES;
				GCC_WARN_ABOUT_RETURN_TYPE = YES_ERROR;
				GCC_WARN_UNDECLARED_SELECTOR = YES;
				GCC_WARN_UNINITIALIZED_AUTOS = YES_AGGRESSIVE;
				GCC_WARN_UNUSED_FUNCTION = YES;
				GCC_WARN_UNUSED_VARIABLE = YES;
				IPHONEOS_DEPLOYMENT_TARGET = 11.2;
				MTL_ENABLE_DEBUG_INFO = NO;
				SDKROOT = iphoneos;
				VALIDATE_PRODUCT = YES;
			};
			name = Release;
		};
		8EC0B43B1FFE407B00EF6981 /* Debug */ = {
			isa = XCBuildConfiguration;
			baseConfigurationReference = 14D405AC33D6E10B00113614 /* Pods-MQRcode.debug.xcconfig */;
			buildSettings = {
				ASSETCATALOG_COMPILER_APPICON_NAME = AppIcon;
				CODE_SIGN_STYLE = Automatic;
				DEVELOPMENT_TEAM = 34AC3PEMF7;
				GCC_PRECOMPILE_PREFIX_HEADER = YES;
				GCC_PREFIX_HEADER = MQRCode/MQRCode.pch;
				INFOPLIST_FILE = MQRcode/Info.plist;
				IPHONEOS_DEPLOYMENT_TARGET = 8.0;
				LD_RUNPATH_SEARCH_PATHS = "$(inherited) @executable_path/Frameworks";
				PRODUCT_BUNDLE_IDENTIFIER = com.hhq.MQRcode;
				PRODUCT_NAME = "$(TARGET_NAME)";
				TARGETED_DEVICE_FAMILY = 1;
			};
			name = Debug;
		};
		8EC0B43C1FFE407B00EF6981 /* Release */ = {
			isa = XCBuildConfiguration;
			baseConfigurationReference = 753D954596DD8C8CC3526A23 /* Pods-MQRcode.release.xcconfig */;
			buildSettings = {
				ASSETCATALOG_COMPILER_APPICON_NAME = AppIcon;
				CODE_SIGN_STYLE = Automatic;
				DEVELOPMENT_TEAM = 34AC3PEMF7;
				GCC_PRECOMPILE_PREFIX_HEADER = YES;
				GCC_PREFIX_HEADER = MQRCode/MQRCode.pch;
				INFOPLIST_FILE = MQRcode/Info.plist;
				IPHONEOS_DEPLOYMENT_TARGET = 8.0;
				LD_RUNPATH_SEARCH_PATHS = "$(inherited) @executable_path/Frameworks";
				PRODUCT_BUNDLE_IDENTIFIER = com.hhq.MQRcode;
				PRODUCT_NAME = "$(TARGET_NAME)";
				TARGETED_DEVICE_FAMILY = 1;
			};
			name = Release;
		};
/* End XCBuildConfiguration section */

/* Begin XCConfigurationList section */
		8EC0B41F1FFE407A00EF6981 /* Build configuration list for PBXProject "MQRcode" */ = {
			isa = XCConfigurationList;
			buildConfigurations = (
				8EC0B4381FFE407B00EF6981 /* Debug */,
				8EC0B4391FFE407B00EF6981 /* Release */,
			);
			defaultConfigurationIsVisible = 0;
			defaultConfigurationName = Release;
		};
		8EC0B43A1FFE407B00EF6981 /* Build configuration list for PBXNativeTarget "MQRcode" */ = {
			isa = XCConfigurationList;
			buildConfigurations = (
				8EC0B43B1FFE407B00EF6981 /* Debug */,
				8EC0B43C1FFE407B00EF6981 /* Release */,
			);
			defaultConfigurationIsVisible = 0;
			defaultConfigurationName = Release;
		};
/* End XCConfigurationList section */
	};
	rootObject = 8EC0B41C1FFE407A00EF6981 /* Project object */;
}
